<Solution>
  <Folder Name="/samples/">
    <Project Path="samples/Anvil.Sample/Anvil.Sample.csproj" />
    <Project Path="samples/Anvil.Store/Anvil.Store.csproj" />
  </Folder>
  <Folder Name="/src/">
    <Project Path="src/Anvil.Cli/Anvil.Cli.csproj" />
    <Project Path="src/Anvil.Razor/Anvil.Razor.csproj" />
    <Project Path="src/Anvil/Anvil.csproj" />
  </Folder>
  <Folder Name="/tests/">
    <Project Path="tests/Anvil.Tests/Anvil.Tests.csproj" />
    <Project Path="tests/Anvil.Store.Tests/Anvil.Store.Tests.csproj" />
  </Folder>
</Solution>
